
Microsoft Visual Studio Solution File, Format Version 12.00
# Visual Studio Version 16
VisualStudioVersion = 16.0.29806.167
MinimumVisualStudioVersion = 10.0.40219.1
Project("{FAE04EC0-301F-11D3-BF4B-00C04F79EFBC}") = "HotelLandon.Models", "HotelLandon.Models\HotelLandon.Models.csproj", "{D9B1C115-F6BC-4574-9E74-46BC6591C91C}"
EndProject
Project("{FAE04EC0-301F-11D3-BF4B-00C04F79EFBC}") = "HotelLandon.Voyelle", "HotelLandon.Voyelle\HotelLandon.Voyelle.csproj", "{5889ABD4-A886-4F16-9DB8-1268A73E0E73}"
EndProject
Global
	GlobalSection(SolutionConfigurationPlatforms) = preSolution
		Debug|Any CPU = Debug|Any CPU
		Release|Any CPU = Release|Any CPU
	EndGlobalSection
	GlobalSection(ProjectConfigurationPlatforms) = postSolution
		{D9B1C115-F6BC-4574-9E74-46BC6591C91C}.Debug|Any CPU.ActiveCfg = Debug|Any CPU
		{D9B1C115-F6BC-4574-9E74-46BC6591C91C}.Debug|Any CPU.Build.0 = Debug|Any CPU
		{D9B1C115-F6BC-4574-9E74-46BC6591C91C}.Release|Any CPU.ActiveCfg = Release|Any CPU
		{D9B1C115-F6BC-4574-9E74-46BC6591C91C}.Release|Any CPU.Build.0 = Release|Any CPU
		{5889ABD4-A886-4F16-9DB8-1268A73E0E73}.Debug|Any CPU.ActiveCfg = Debug|Any CPU
		{5889ABD4-A886-4F16-9DB8-1268A73E0E73}.Debug|Any CPU.Build.0 = Debug|Any CPU
		{5889ABD4-A886-4F16-9DB8-1268A73E0E73}.Release|Any CPU.ActiveCfg = Release|Any CPU
		{5889ABD4-A886-4F16-9DB8-1268A73E0E73}.Release|Any CPU.Build.0 = Release|Any CPU
	EndGlobalSection
	GlobalSection(SolutionProperties) = preSolution
		HideSolutionNode = FALSE
	EndGlobalSection
	GlobalSection(ExtensibilityGlobals) = postSolution
		SolutionGuid = {E3B18969-BE2D-47AF-8150-5ADC8FF5C867}
	EndGlobalSection
EndGlobal
